
Microsoft Visual Studio Solution File, Format Version 12.00
# Visual Studio 15
VisualStudioVersion = 15.0.27130.2024
MinimumVisualStudioVersion = 10.0.40219.1
Project("{FAE04EC0-301F-11D3-BF4B-00C04F79EFBC}") = "CalculateUnitTests", "CalculateUnitTests\CalculateUnitTests.csproj", "{7ECC659D-7C0E-4169-AF8D-3B7F197C7B36}"
EndProject
Project("{FAE04EC0-301F-11D3-BF4B-00C04F79EFBC}") = "UnitTests", "UnitTests\UnitTests.csproj", "{595306C8-4790-42F3-83D0-F5425BA1483E}"
EndProject
Global
	GlobalSection(SolutionConfigurationPlatforms) = preSolution
		Debug|Any CPU = Debug|Any CPU
		Release|Any CPU = Release|Any CPU
	EndGlobalSection
	GlobalSection(ProjectConfigurationPlatforms) = postSolution
		{7ECC659D-7C0E-4169-AF8D-3B7F197C7B36}.Debug|Any CPU.ActiveCfg = Debug|Any CPU
		{7ECC659D-7C0E-4169-AF8D-3B7F197C7B36}.Debug|Any CPU.Build.0 = Debug|Any CPU
		{7ECC659D-7C0E-4169-AF8D-3B7F197C7B36}.Release|Any CPU.ActiveCfg = Release|Any CPU
		{7ECC659D-7C0E-4169-AF8D-3B7F197C7B36}.Release|Any CPU.Build.0 = Release|Any CPU
		{595306C8-4790-42F3-83D0-F5425BA1483E}.Debug|Any CPU.ActiveCfg = Debug|Any CPU
		{595306C8-4790-42F3-83D0-F5425BA1483E}.Debug|Any CPU.Build.0 = Debug|Any CPU
		{595306C8-4790-42F3-83D0-F5425BA1483E}.Release|Any CPU.ActiveCfg = Release|Any CPU
		{595306C8-4790-42F3-83D0-F5425BA1483E}.Release|Any CPU.Build.0 = Release|Any CPU
	EndGlobalSection
	GlobalSection(SolutionProperties) = preSolution
		HideSolutionNode = FALSE
	EndGlobalSection
	GlobalSection(ExtensibilityGlobals) = postSolution
		SolutionGuid = {035D763C-1894-439D-9FCC-5ADE414941F1}
	EndGlobalSection
EndGlobal
